// !$*UTF8*$!
{
	archiveVersion = 1;
	classes = {
	};
	objectVersion = 55;
	objects = {

/* Begin PBXBuildFile section */
		BEDBBAA0294F568A00FB3984 /* AppDelegate.swift in Sources */ = {isa = PBXBuildFile; fileRef = BEDBBA9F294F568A00FB3984 /* AppDelegate.swift */; };
		BEDBBAA9294F568D00FB3984 /* Assets.xcassets in Resources */ = {isa = PBXBuildFile; fileRef = BEDBBAA8294F568D00FB3984 /* Assets.xcassets */; };
		BEDBBAAC294F568D00FB3984 /* LaunchScreen.storyboard in Resources */ = {isa = PBXBuildFile; fileRef = BEDBBAAA294F568D00FB3984 /* LaunchScreen.storyboard */; };
		BEDBBABA294F592200FB3984 /* ViewContainer.swift in Sources */ = {isa = PBXBuildFile; fileRef = BEDBBAB9294F592200FB3984 /* ViewContainer.swift */; };
		BEDBBABC294F594900FB3984 /* UIView+Extension.swift in Sources */ = {isa = PBXBuildFile; fileRef = BEDBBABB294F594900FB3984 /* UIView+Extension.swift */; };
		BEDBBABF294F597700FB3984 /* ViewController.swift in Sources */ = {isa = PBXBuildFile; fileRef = BEDBBABE294F597700FB3984 /* ViewController.swift */; };
		BEDBBAC1294F599800FB3984 /* CustomViewController.swift in Sources */ = {isa = PBXBuildFile; fileRef = BEDBBAC0294F599800FB3984 /* CustomViewController.swift */; };
		BEDBBAC6294F5A2A00FB3984 /* HomeView.swift in Sources */ = {isa = PBXBuildFile; fileRef = BEDBBAC5294F5A2A00FB3984 /* HomeView.swift */; };
		BEDBBAC8294F5A6700FB3984 /* HomeViewController.swift in Sources */ = {isa = PBXBuildFile; fileRef = BEDBBAC7294F5A6700FB3984 /* HomeViewController.swift */; };
		BEDBBACC294F5B4A00FB3984 /* Fonts.swift in Sources */ = {isa = PBXBuildFile; fileRef = BEDBBACB294F5B4A00FB3984 /* Fonts.swift */; };
		BEDBBACE294F5B7400FB3984 /* SF-Pro.ttf in Resources */ = {isa = PBXBuildFile; fileRef = BEDBBACD294F5B7400FB3984 /* SF-Pro.ttf */; };
		BEDBBAD0294F5B9200FB3984 /* TextStyle.swift in Sources */ = {isa = PBXBuildFile; fileRef = BEDBBACF294F5B9200FB3984 /* TextStyle.swift */; };
/* End PBXBuildFile section */

/* Begin PBXFileReference section */
		BEDBBA9C294F568A00FB3984 /* Theme.app */ = {isa = PBXFileReference; explicitFileType = wrapper.application; includeInIndex = 0; path = Theme.app; sourceTree = BUILT_PRODUCTS_DIR; };
		BEDBBA9F294F568A00FB3984 /* AppDelegate.swift */ = {isa = PBXFileReference; lastKnownFileType = sourcecode.swift; path = AppDelegate.swift; sourceTree = "<group>"; };
		BEDBBAA8294F568D00FB3984 /* Assets.xcassets */ = {isa = PBXFileReference; lastKnownFileType = folder.assetcatalog; path = Assets.xcassets; sourceTree = "<group>"; };
		BEDBBAAB294F568D00FB3984 /* Base */ = {isa = PBXFileReference; lastKnownFileType = file.storyboard; name = Base; path = Base.lproj/LaunchScreen.storyboard; sourceTree = "<group>"; };
		BEDBBAAD294F568D00FB3984 /* Info.plist */ = {isa = PBXFileReference; lastKnownFileType = text.plist.xml; path = Info.plist; sourceTree = "<group>"; };
		BEDBBAB9294F592200FB3984 /* ViewContainer.swift */ = {isa = PBXFileReference; lastKnownFileType = sourcecode.swift; path = ViewContainer.swift; sourceTree = "<group>"; };
		BEDBBABB294F594900FB3984 /* UIView+Extension.swift */ = {isa = PBXFileReference; lastKnownFileType = sourcecode.swift; path = "UIView+Extension.swift"; sourceTree = "<group>"; };
		BEDBBABE294F597700FB3984 /* ViewController.swift */ = {isa = PBXFileReference; lastKnownFileType = sourcecode.swift; path = ViewController.swift; sourceTree = "<group>"; };
		BEDBBAC0294F599800FB3984 /* CustomViewController.swift */ = {isa = PBXFileReference; lastKnownFileType = sourcecode.swift; path = CustomViewController.swift; sourceTree = "<group>"; };
		BEDBBAC5294F5A2A00FB3984 /* HomeView.swift */ = {isa = PBXFileReference; lastKnownFileType = sourcecode.swift; path = HomeView.swift; sourceTree = "<group>"; };
		BEDBBAC7294F5A6700FB3984 /* HomeViewController.swift */ = {isa = PBXFileReference; lastKnownFileType = sourcecode.swift; path = HomeViewController.swift; sourceTree = "<group>"; };
		BEDBBACB294F5B4A00FB3984 /* Fonts.swift */ = {isa = PBXFileReference; lastKnownFileType = sourcecode.swift; path = Fonts.swift; sourceTree = "<group>"; };
		BEDBBACD294F5B7400FB3984 /* SF-Pro.ttf */ = {isa = PBXFileReference; lastKnownFileType = file; path = "SF-Pro.ttf"; sourceTree = "<group>"; };
		BEDBBACF294F5B9200FB3984 /* TextStyle.swift */ = {isa = PBXFileReference; lastKnownFileType = sourcecode.swift; path = TextStyle.swift; sourceTree = "<group>"; };
/* End PBXFileReference section */

/* Begin PBXFrameworksBuildPhase section */
		BEDBBA99294F568A00FB3984 /* Frameworks */ = {
			isa = PBXFrameworksBuildPhase;
			buildActionMask = 2147483647;
			files = (
			);
			runOnlyForDeploymentPostprocessing = 0;
		};
/* End PBXFrameworksBuildPhase section */

/* Begin PBXGroup section */
		BEDBBA93294F568A00FB3984 = {
			isa = PBXGroup;
			children = (
				BEDBBA9E294F568A00FB3984 /* Theme */,
				BEDBBA9D294F568A00FB3984 /* Products */,
			);
			sourceTree = "<group>";
		};
		BEDBBA9D294F568A00FB3984 /* Products */ = {
			isa = PBXGroup;
			children = (
				BEDBBA9C294F568A00FB3984 /* Theme.app */,
			);
			name = Products;
			sourceTree = "<group>";
		};
		BEDBBA9E294F568A00FB3984 /* Theme */ = {
			isa = PBXGroup;
			children = (
				BEDBBAB3294F57F800FB3984 /* AppDelegate */,
				BEDBBAB6294F585600FB3984 /* PresentationLayer */,
				BEDBBAB5294F580A00FB3984 /* Storyboard */,
				BEDBBAB4294F580300FB3984 /* Resources */,
			);
			path = Theme;
			sourceTree = "<group>";
		};
		BEDBBAB3294F57F800FB3984 /* AppDelegate */ = {
			isa = PBXGroup;
			children = (
				BEDBBA9F294F568A00FB3984 /* AppDelegate.swift */,
			);
			path = AppDelegate;
			sourceTree = "<group>";
		};
		BEDBBAB4294F580300FB3984 /* Resources */ = {
			isa = PBXGroup;
			children = (
				BEDBBAA8294F568D00FB3984 /* Assets.xcassets */,
				BEDBBAAD294F568D00FB3984 /* Info.plist */,
			);
			path = Resources;
			sourceTree = "<group>";
		};
		BEDBBAB5294F580A00FB3984 /* Storyboard */ = {
			isa = PBXGroup;
			children = (
				BEDBBAAA294F568D00FB3984 /* LaunchScreen.storyboard */,
			);
			path = Storyboard;
			sourceTree = "<group>";
		};
		BEDBBAB6294F585600FB3984 /* PresentationLayer */ = {
			isa = PBXGroup;
			children = (
				BEDBBAC2294F5A0B00FB3984 /* Scenes */,
				BEDBBAB7294F586300FB3984 /* Common */,
			);
			path = PresentationLayer;
			sourceTree = "<group>";
		};
		BEDBBAB7294F586300FB3984 /* Common */ = {
			isa = PBXGroup;
			children = (
				BEDBBAC9294F5B1A00FB3984 /* FontUtilites */,
				BEDBBABD294F595D00FB3984 /* CustomViewController */,
				BEDBBAB8294F591100FB3984 /* ViewContainer */,
			);
			path = Common;
			sourceTree = "<group>";
		};
		BEDBBAB8294F591100FB3984 /* ViewContainer */ = {
			isa = PBXGroup;
			children = (
				BEDBBAB9294F592200FB3984 /* ViewContainer.swift */,
				BEDBBABB294F594900FB3984 /* UIView+Extension.swift */,
			);
			path = ViewContainer;
			sourceTree = "<group>";
		};
		BEDBBABD294F595D00FB3984 /* CustomViewController */ = {
			isa = PBXGroup;
			children = (
				BEDBBABE294F597700FB3984 /* ViewController.swift */,
				BEDBBAC0294F599800FB3984 /* CustomViewController.swift */,
			);
			path = CustomViewController;
			sourceTree = "<group>";
		};
		BEDBBAC2294F5A0B00FB3984 /* Scenes */ = {
			isa = PBXGroup;
			children = (
				BEDBBAC3294F5A1600FB3984 /* HomeView */,
			);
			path = Scenes;
			sourceTree = "<group>";
		};
		BEDBBAC3294F5A1600FB3984 /* HomeView */ = {
			isa = PBXGroup;
			children = (
				BEDBBAC4294F5A1D00FB3984 /* Views */,
				BEDBBAC7294F5A6700FB3984 /* HomeViewController.swift */,
			);
			path = HomeView;
			sourceTree = "<group>";
		};
		BEDBBAC4294F5A1D00FB3984 /* Views */ = {
			isa = PBXGroup;
			children = (
				BEDBBAC5294F5A2A00FB3984 /* HomeView.swift */,
			);
			path = Views;
			sourceTree = "<group>";
		};
		BEDBBAC9294F5B1A00FB3984 /* FontUtilites */ = {
			isa = PBXGroup;
			children = (
				BEDBBACA294F5B3B00FB3984 /* Fonts */,
				BEDBBACF294F5B9200FB3984 /* TextStyle.swift */,
			);
			path = FontUtilites;
			sourceTree = "<group>";
		};
		BEDBBACA294F5B3B00FB3984 /* Fonts */ = {
			isa = PBXGroup;
			children = (
				BEDBBACD294F5B7400FB3984 /* SF-Pro.ttf */,
				BEDBBACB294F5B4A00FB3984 /* Fonts.swift */,
			);
			path = Fonts;
			sourceTree = "<group>";
		};
/* End PBXGroup section */

/* Begin PBXNativeTarget section */
		BEDBBA9B294F568A00FB3984 /* Theme */ = {
			isa = PBXNativeTarget;
			buildConfigurationList = BEDBBAB0294F568D00FB3984 /* Build configuration list for PBXNativeTarget "Theme" */;
			buildPhases = (
				BEDBBA98294F568A00FB3984 /* Sources */,
				BEDBBA99294F568A00FB3984 /* Frameworks */,
				BEDBBA9A294F568A00FB3984 /* Resources */,
			);
			buildRules = (
			);
			dependencies = (
			);
			name = Theme;
			productName = Theme;
			productReference = BEDBBA9C294F568A00FB3984 /* Theme.app */;
			productType = "com.apple.product-type.application";
		};
/* End PBXNativeTarget section */

/* Begin PBXProject section */
		BEDBBA94294F568A00FB3984 /* Project object */ = {
			isa = PBXProject;
			attributes = {
				BuildIndependentTargetsInParallel = 1;
				LastSwiftUpdateCheck = 1340;
				LastUpgradeCheck = 1340;
				TargetAttributes = {
					BEDBBA9B294F568A00FB3984 = {
						CreatedOnToolsVersion = 13.4.1;
					};
				};
			};
			buildConfigurationList = BEDBBA97294F568A00FB3984 /* Build configuration list for PBXProject "Theme" */;
			compatibilityVersion = "Xcode 13.0";
			developmentRegion = en;
			hasScannedForEncodings = 0;
			knownRegions = (
				en,
				Base,
			);
			mainGroup = BEDBBA93294F568A00FB3984;
			productRefGroup = BEDBBA9D294F568A00FB3984 /* Products */;
			projectDirPath = "";
			projectRoot = "";
			targets = (
				BEDBBA9B294F568A00FB3984 /* Theme */,
			);
		};
/* End PBXProject section */

/* Begin PBXResourcesBuildPhase section */
		BEDBBA9A294F568A00FB3984 /* Resources */ = {
			isa = PBXResourcesBuildPhase;
			buildActionMask = 2147483647;
			files = (
				BEDBBAAC294F568D00FB3984 /* LaunchScreen.storyboard in Resources */,
				BEDBBACE294F5B7400FB3984 /* SF-Pro.ttf in Resources */,
				BEDBBAA9294F568D00FB3984 /* Assets.xcassets in Resources */,
			);
			runOnlyForDeploymentPostprocessing = 0;
		};
/* End PBXResourcesBuildPhase section */

/* Begin PBXSourcesBuildPhase section */
		BEDBBA98294F568A00FB3984 /* Sources */ = {
			isa = PBXSourcesBuildPhase;
			buildActionMask = 2147483647;
			files = (
				BEDBBAD0294F5B9200FB3984 /* TextStyle.swift in Sources */,
				BEDBBACC294F5B4A00FB3984 /* Fonts.swift in Sources */,
				BEDBBABC294F594900FB3984 /* UIView+Extension.swift in Sources */,
				BEDBBABA294F592200FB3984 /* ViewContainer.swift in Sources */,
				BEDBBAC1294F599800FB3984 /* CustomViewController.swift in Sources */,
				BEDBBAC6294F5A2A00FB3984 /* HomeView.swift in Sources */,
				BEDBBABF294F597700FB3984 /* ViewController.swift in Sources */,
				BEDBBAC8294F5A6700FB3984 /* HomeViewController.swift in Sources */,
				BEDBBAA0294F568A00FB3984 /* AppDelegate.swift in Sources */,
			);
			runOnlyForDeploymentPostprocessing = 0;
		};
/* End PBXSourcesBuildPhase section */

/* Begin PBXVariantGroup section */
		BEDBBAAA294F568D00FB3984 /* LaunchScreen.storyboard */ = {
			isa = PBXVariantGroup;
			children = (
				BEDBBAAB294F568D00FB3984 /* Base */,
			);
			name = LaunchScreen.storyboard;
			sourceTree = "<group>";
		};
/* End PBXVariantGroup section */

/* Begin XCBuildConfiguration section */
		BEDBBAAE294F568D00FB3984 /* Debug */ = {
			isa = XCBuildConfiguration;
			buildSettings = {
				ALWAYS_SEARCH_USER_PATHS = NO;
				CLANG_ANALYZER_NONNULL = YES;
				CLANG_ANALYZER_NUMBER_OBJECT_CONVERSION = YES_AGGRESSIVE;
				CLANG_CXX_LANGUAGE_STANDARD = "gnu++17";
				CLANG_ENABLE_MODULES = YES;
				CLANG_ENABLE_OBJC_ARC = YES;
				CLANG_ENABLE_OBJC_WEAK = YES;
				CLANG_WARN_BLOCK_CAPTURE_AUTORELEASING = YES;
				CLANG_WARN_BOOL_CONVERSION = YES;
				CLANG_WARN_COMMA = YES;
				CLANG_WARN_CONSTANT_CONVERSION = YES;
				CLANG_WARN_DEPRECATED_OBJC_IMPLEMENTATIONS = YES;
				CLANG_WARN_DIRECT_OBJC_ISA_USAGE = YES_ERROR;
				CLANG_WARN_DOCUMENTATION_COMMENTS = YES;
				CLANG_WARN_EMPTY_BODY = YES;
				CLANG_WARN_ENUM_CONVERSION = YES;
				CLANG_WARN_INFINITE_RECURSION = YES;
				CLANG_WARN_INT_CONVERSION = YES;
				CLANG_WARN_NON_LITERAL_NULL_CONVERSION = YES;
				CLANG_WARN_OBJC_IMPLICIT_RETAIN_SELF = YES;
				CLANG_WARN_OBJC_LITERAL_CONVERSION = YES;
				CLANG_WARN_OBJC_ROOT_CLASS = YES_ERROR;
				CLANG_WARN_QUOTED_INCLUDE_IN_FRAMEWORK_HEADER = YES;
				CLANG_WARN_RANGE_LOOP_ANALYSIS = YES;
				CLANG_WARN_STRICT_PROTOTYPES = YES;
				CLANG_WARN_SUSPICIOUS_MOVE = YES;
				CLANG_WARN_UNGUARDED_AVAILABILITY = YES_AGGRESSIVE;
				CLANG_WARN_UNREACHABLE_CODE = YES;
				CLANG_WARN__DUPLICATE_METHOD_MATCH = YES;
				COPY_PHASE_STRIP = NO;
				DEBUG_INFORMATION_FORMAT = dwarf;
				ENABLE_STRICT_OBJC_MSGSEND = YES;
				ENABLE_TESTABILITY = YES;
				GCC_C_LANGUAGE_STANDARD = gnu11;
				GCC_DYNAMIC_NO_PIC = NO;
				GCC_NO_COMMON_BLOCKS = YES;
				GCC_OPTIMIZATION_LEVEL = 0;
				GCC_PREPROCESSOR_DEFINITIONS = (
					"DEBUG=1",
					"$(inherited)",
				);
				GCC_WARN_64_TO_32_BIT_CONVERSION = YES;
				GCC_WARN_ABOUT_RETURN_TYPE = YES_ERROR;
				GCC_WARN_UNDECLARED_SELECTOR = YES;
				GCC_WARN_UNINITIALIZED_AUTOS = YES_AGGRESSIVE;
				GCC_WARN_UNUSED_FUNCTION = YES;
				GCC_WARN_UNUSED_VARIABLE = YES;
				IPHONEOS_DEPLOYMENT_TARGET = 15.5;
				MTL_ENABLE_DEBUG_INFO = INCLUDE_SOURCE;
				MTL_FAST_MATH = YES;
				ONLY_ACTIVE_ARCH = YES;
				SDKROOT = iphoneos;
				SWIFT_ACTIVE_COMPILATION_CONDITIONS = DEBUG;
				SWIFT_OPTIMIZATION_LEVEL = "-Onone";
			};
			name = Debug;
		};
		BEDBBAAF294F568D00FB3984 /* Release */ = {
			isa = XCBuildConfiguration;
			buildSettings = {
				ALWAYS_SEARCH_USER_PATHS = NO;
				CLANG_ANALYZER_NONNULL = YES;
				CLANG_ANALYZER_NUMBER_OBJECT_CONVERSION = YES_AGGRESSIVE;
				CLANG_CXX_LANGUAGE_STANDARD = "gnu++17";
				CLANG_ENABLE_MODULES = YES;
				CLANG_ENABLE_OBJC_ARC = YES;
				CLANG_ENABLE_OBJC_WEAK = YES;
				CLANG_WARN_BLOCK_CAPTURE_AUTORELEASING = YES;
				CLANG_WARN_BOOL_CONVERSION = YES;
				CLANG_WARN_COMMA = YES;
				CLANG_WARN_CONSTANT_CONVERSION = YES;
				CLANG_WARN_DEPRECATED_OBJC_IMPLEMENTATIONS = YES;
				CLANG_WARN_DIRECT_OBJC_ISA_USAGE = YES_ERROR;
				CLANG_WARN_DOCUMENTATION_COMMENTS = YES;
				CLANG_WARN_EMPTY_BODY = YES;
				CLANG_WARN_ENUM_CONVERSION = YES;
				CLANG_WARN_INFINITE_RECURSION = YES;
				CLANG_WARN_INT_CONVERSION = YES;
				CLANG_WARN_NON_LITERAL_NULL_CONVERSION = YES;
				CLANG_WARN_OBJC_IMPLICIT_RETAIN_SELF = YES;
				CLANG_WARN_OBJC_LITERAL_CONVERSION = YES;
				CLANG_WARN_OBJC_ROOT_CLASS = YES_ERROR;
				CLANG_WARN_QUOTED_INCLUDE_IN_FRAMEWORK_HEADER = YES;
				CLANG_WARN_RANGE_LOOP_ANALYSIS = YES;
				CLANG_WARN_STRICT_PROTOTYPES = YES;
				CLANG_WARN_SUSPICIOUS_MOVE = YES;
				CLANG_WARN_UNGUARDED_AVAILABILITY = YES_AGGRESSIVE;
				CLANG_WARN_UNREACHABLE_CODE = YES;
				CLANG_WARN__DUPLICATE_METHOD_MATCH = YES;
				COPY_PHASE_STRIP = NO;
				DEBUG_INFORMATION_FORMAT = "dwarf-with-dsym";
				ENABLE_NS_ASSERTIONS = NO;
				ENABLE_STRICT_OBJC_MSGSEND = YES;
				GCC_C_LANGUAGE_STANDARD = gnu11;
				GCC_NO_COMMON_BLOCKS = YES;
				GCC_WARN_64_TO_32_BIT_CONVERSION = YES;
				GCC_WARN_ABOUT_RETURN_TYPE = YES_ERROR;
				GCC_WARN_UNDECLARED_SELECTOR = YES;
				GCC_WARN_UNINITIALIZED_AUTOS = YES_AGGRESSIVE;
				GCC_WARN_UNUSED_FUNCTION = YES;
				GCC_WARN_UNUSED_VARIABLE = YES;
				IPHONEOS_DEPLOYMENT_TARGET = 15.5;
				MTL_ENABLE_DEBUG_INFO = NO;
				MTL_FAST_MATH = YES;
				SDKROOT = iphoneos;
				SWIFT_COMPILATION_MODE = wholemodule;
				SWIFT_OPTIMIZATION_LEVEL = "-O";
				VALIDATE_PRODUCT = YES;
			};
			name = Release;
		};
		BEDBBAB1294F568D00FB3984 /* Debug */ = {
			isa = XCBuildConfiguration;
			buildSettings = {
				ASSETCATALOG_COMPILER_APPICON_NAME = AppIcon;
				ASSETCATALOG_COMPILER_GLOBAL_ACCENT_COLOR_NAME = AccentColor;
				CODE_SIGN_STYLE = Automatic;
				CURRENT_PROJECT_VERSION = 1;
				DEVELOPMENT_TEAM = VRQ6H42Z38;
				GENERATE_INFOPLIST_FILE = YES;
				INFOPLIST_FILE = Theme/Resources/Info.plist;
				INFOPLIST_KEY_UIApplicationSupportsIndirectInputEvents = YES;
				INFOPLIST_KEY_UILaunchStoryboardName = LaunchScreen;
				INFOPLIST_KEY_UISupportedInterfaceOrientations_iPad = "UIInterfaceOrientationPortrait UIInterfaceOrientationPortraitUpsideDown UIInterfaceOrientationLandscapeLeft UIInterfaceOrientationLandscapeRight";
				INFOPLIST_KEY_UISupportedInterfaceOrientations_iPhone = "UIInterfaceOrientationPortrait UIInterfaceOrientationLandscapeLeft UIInterfaceOrientationLandscapeRight";
				LD_RUNPATH_SEARCH_PATHS = (
					"$(inherited)",
					"@executable_path/Frameworks",
				);
				MARKETING_VERSION = 1.0;
				PRODUCT_BUNDLE_IDENTIFIER = com.rajanand.Theme;
				PRODUCT_NAME = "$(TARGET_NAME)";
				SWIFT_EMIT_LOC_STRINGS = YES;
				SWIFT_VERSION = 5.0;
				TARGETED_DEVICE_FAMILY = "1,2";
			};
			name = Debug;
		};
		BEDBBAB2294F568D00FB3984 /* Release */ = {
			isa = XCBuildConfiguration;
			buildSettings = {
				ASSETCATALOG_COMPILER_APPICON_NAME = AppIcon;
				ASSETCATALOG_COMPILER_GLOBAL_ACCENT_COLOR_NAME = AccentColor;
				CODE_SIGN_STYLE = Automatic;
				CURRENT_PROJECT_VERSION = 1;
				DEVELOPMENT_TEAM = VRQ6H42Z38;
				GENERATE_INFOPLIST_FILE = YES;
				INFOPLIST_FILE = Theme/Resources/Info.plist;
				INFOPLIST_KEY_UIApplicationSupportsIndirectInputEvents = YES;
				INFOPLIST_KEY_UILaunchStoryboardName = LaunchScreen;
				INFOPLIST_KEY_UISupportedInterfaceOrientations_iPad = "UIInterfaceOrientationPortrait UIInterfaceOrientationPortraitUpsideDown UIInterfaceOrientationLandscapeLeft UIInterfaceOrientationLandscapeRight";
				INFOPLIST_KEY_UISupportedInterfaceOrientations_iPhone = "UIInterfaceOrientationPortrait UIInterfaceOrientationLandscapeLeft UIInterfaceOrientationLandscapeRight";
				LD_RUNPATH_SEARCH_PATHS = (
					"$(inherited)",
					"@executable_path/Frameworks",
				);
				MARKETING_VERSION = 1.0;
				PRODUCT_BUNDLE_IDENTIFIER = com.rajanand.Theme;
				PRODUCT_NAME = "$(TARGET_NAME)";
				SWIFT_EMIT_LOC_STRINGS = YES;
				SWIFT_VERSION = 5.0;
				TARGETED_DEVICE_FAMILY = "1,2";
			};
			name = Release;
		};
/* End XCBuildConfiguration section */

/* Begin XCConfigurationList section */
		BEDBBA97294F568A00FB3984 /* Build configuration list for PBXProject "Theme" */ = {
			isa = XCConfigurationList;
			buildConfigurations = (
				BEDBBAAE294F568D00FB3984 /* Debug */,
				BEDBBAAF294F568D00FB3984 /* Release */,
			);
			defaultConfigurationIsVisible = 0;
			defaultConfigurationName = Release;
		};
		BEDBBAB0294F568D00FB3984 /* Build configuration list for PBXNativeTarget "Theme" */ = {
			isa = XCConfigurationList;
			buildConfigurations = (
				BEDBBAB1294F568D00FB3984 /* Debug */,
				BEDBBAB2294F568D00FB3984 /* Release */,
			);
			defaultConfigurationIsVisible = 0;
			defaultConfigurationName = Release;
		};
/* End XCConfigurationList section */
	};
	rootObject = BEDBBA94294F568A00FB3984 /* Project object */;
}
